
Microsoft Visual Studio Solution File, Format Version 12.00
# Visual Studio Version 17
VisualStudioVersion = 17.10.35013.160
MinimumVisualStudioVersion = 10.0.40219.1
Project("{FAE04EC0-301F-11D3-BF4B-00C04F79EFBC}") = "EventManagement", "EventManagement\EventManagement.csproj", "{6C0AA210-7E69-49DD-AB4C-F741A3B2A4BB}"
EndProject
Global
	GlobalSection(SolutionConfigurationPlatforms) = preSolution
		Debug|Any CPU = Debug|Any CPU
		Release|Any CPU = Release|Any CPU
	EndGlobalSection
	GlobalSection(ProjectConfigurationPlatforms) = postSolution
		{6C0AA210-7E69-49DD-AB4C-F741A3B2A4BB}.Debug|Any CPU.ActiveCfg = Debug|Any CPU
		{6C0AA210-7E69-49DD-AB4C-F741A3B2A4BB}.Debug|Any CPU.Build.0 = Debug|Any CPU
		{6C0AA210-7E69-49DD-AB4C-F741A3B2A4BB}.Release|Any CPU.ActiveCfg = Release|Any CPU
		{6C0AA210-7E69-49DD-AB4C-F741A3B2A4BB}.Release|Any CPU.Build.0 = Release|Any CPU
	EndGlobalSection
	GlobalSection(SolutionProperties) = preSolution
		HideSolutionNode = FALSE
	EndGlobalSection
	GlobalSection(ExtensibilityGlobals) = postSolution
		SolutionGuid = {D97205DC-988D-426B-AF93-A03B7477EBC5}
	EndGlobalSection
EndGlobal
